
Microsoft Visual Studio Solution File, Format Version 12.00
# Visual Studio Version 16
VisualStudioVersion = 16.0.29209.152
MinimumVisualStudioVersion = 10.0.40219.1
Project("{FAE04EC0-301F-11D3-BF4B-00C04F79EFBC}") = "FirebaseStandard", "FirebaseStandard\FirebaseStandard.csproj", "{2FBA48C5-8ECD-4BFA-8B54-562CD8693FD0}"
EndProject
Global
	GlobalSection(SolutionConfigurationPlatforms) = preSolution
		Debug|Any CPU = Debug|Any CPU
		Release|Any CPU = Release|Any CPU
	EndGlobalSection
	GlobalSection(ProjectConfigurationPlatforms) = postSolution
		{2FBA48C5-8ECD-4BFA-8B54-562CD8693FD0}.Debug|Any CPU.ActiveCfg = Debug|Any CPU
		{2FBA48C5-8ECD-4BFA-8B54-562CD8693FD0}.Debug|Any CPU.Build.0 = Debug|Any CPU
		{2FBA48C5-8ECD-4BFA-8B54-562CD8693FD0}.Release|Any CPU.ActiveCfg = Release|Any CPU
		{2FBA48C5-8ECD-4BFA-8B54-562CD8693FD0}.Release|Any CPU.Build.0 = Release|Any CPU
	EndGlobalSection
	GlobalSection(SolutionProperties) = preSolution
		HideSolutionNode = FALSE
	EndGlobalSection
	GlobalSection(ExtensibilityGlobals) = postSolution
		SolutionGuid = {43A822CD-6560-4DC0-B149-7778184A347D}
	EndGlobalSection
EndGlobal
